
Microsoft Visual Studio Solution File, Format Version 12.00
# Visual Studio 15
VisualStudioVersion = 15.0.28307.329
MinimumVisualStudioVersion = 10.0.40219.1
Project("{FAE04EC0-301F-11D3-BF4B-00C04F79EFBC}") = "H3EventKalender", "H3EventKalender\H3EventKalender.csproj", "{33B8E9BF-17E3-41B3-870E-145D28DC51DB}"
EndProject
Global
	GlobalSection(SolutionConfigurationPlatforms) = preSolution
		Debug|Any CPU = Debug|Any CPU
		Release|Any CPU = Release|Any CPU
	EndGlobalSection
	GlobalSection(ProjectConfigurationPlatforms) = postSolution
		{33B8E9BF-17E3-41B3-870E-145D28DC51DB}.Debug|Any CPU.ActiveCfg = Debug|Any CPU
		{33B8E9BF-17E3-41B3-870E-145D28DC51DB}.Debug|Any CPU.Build.0 = Debug|Any CPU
		{33B8E9BF-17E3-41B3-870E-145D28DC51DB}.Release|Any CPU.ActiveCfg = Release|Any CPU
		{33B8E9BF-17E3-41B3-870E-145D28DC51DB}.Release|Any CPU.Build.0 = Release|Any CPU
	EndGlobalSection
	GlobalSection(SolutionProperties) = preSolution
		HideSolutionNode = FALSE
	EndGlobalSection
	GlobalSection(ExtensibilityGlobals) = postSolution
		SolutionGuid = {4A574F07-6BC9-44AB-99DC-8B00BA6F2559}
	EndGlobalSection
EndGlobal
