
Microsoft Visual Studio Solution File, Format Version 12.00
# Visual Studio 15
VisualStudioVersion = 15.0.28307.329
MinimumVisualStudioVersion = 10.0.40219.1
Project("{FAE04EC0-301F-11D3-BF4B-00C04F79EFBC}") = "H3EventKalender", "H3EventKalender\H3EventKalender.csproj", "{0619F46E-AEBE-4C83-B364-EFF587C7FCC3}"
EndProject
Global
	GlobalSection(SolutionConfigurationPlatforms) = preSolution
		Debug|Any CPU = Debug|Any CPU
		Release|Any CPU = Release|Any CPU
	EndGlobalSection
	GlobalSection(ProjectConfigurationPlatforms) = postSolution
		{0619F46E-AEBE-4C83-B364-EFF587C7FCC3}.Debug|Any CPU.ActiveCfg = Debug|Any CPU
		{0619F46E-AEBE-4C83-B364-EFF587C7FCC3}.Debug|Any CPU.Build.0 = Debug|Any CPU
		{0619F46E-AEBE-4C83-B364-EFF587C7FCC3}.Release|Any CPU.ActiveCfg = Release|Any CPU
		{0619F46E-AEBE-4C83-B364-EFF587C7FCC3}.Release|Any CPU.Build.0 = Release|Any CPU
	EndGlobalSection
	GlobalSection(SolutionProperties) = preSolution
		HideSolutionNode = FALSE
	EndGlobalSection
	GlobalSection(ExtensibilityGlobals) = postSolution
		SolutionGuid = {C8900454-3CFD-41D5-9650-00E0C968B78A}
	EndGlobalSection
EndGlobal
